
Microsoft Visual Studio Solution File, Format Version 12.00
# Visual Studio 15
VisualStudioVersion = 15.0.28307.645
MinimumVisualStudioVersion = 10.0.40219.1
Project("{00D1A9C2-B5F0-4AF3-8072-F6C62B433612}") = "Azure BI System", "Azure BI System\Azure BI System\Azure BI System.sqlproj", "{EEEC2263-0386-4947-AB19-18BA2D309D08}"
EndProject
Project("{159641D6-6404-4A2A-AE62-294DE0FE8301}") = "ETL.DistributionDataIntegration", "DistributionDataIntegration\DistributionDataIntegration\ETL.DistributionDataIntegration.dtproj", "{97EE864B-3DA0-4322-9927-82DB4917C821}"
EndProject
Project("{00D1A9C2-B5F0-4AF3-8072-F6C62B433612}") = "DB.Abacus", "FPVApplication\FPVApplicationDB\DistributionFPV\DB.Abacus.sqlproj", "{28C581C8-1E6D-46C8-A738-07AC54CD2E48}"
EndProject
Project("{159641D6-6404-4A2A-AE62-294DE0FE8301}") = "MDS.StationIntegration.StageToClean", "MDS.StationIntegration.StageToClean\MDS.StationIntegration.StageToClean.dtproj", "{BE72B2B8-1F5F-4818-B4E6-0BC3BC53450E}"
EndProject
Project("{159641D6-6404-4A2A-AE62-294DE0FE8301}") = "MDS.StationIntegration.SourceToStage", "MDS.StationIntegration.SourceToStage\MDS.StationIntegration.SourceToStage.dtproj", "{3787B640-4850-4ADC-864E-EF5CAD8BB8D8}"
EndProject
Project("{159641D6-6404-4A2A-AE62-294DE0FE8301}") = "MDS.ProcessBusinessRules", "MDS.StationIntegration.ProcessBusinessRules\MDS.ProcessBusinessRules.dtproj", "{F433813F-1004-4A71-89FA-4B313291D605}"
EndProject
Project("{2150E333-8FDC-42A3-9474-1A3956D46DE8}") = "Solution Items", "Solution Items", "{AEE0BF3F-1576-44B0-9B4D-339E96A5CC27}"
	ProjectSection(SolutionItems) = preProject
		MDS.StationIntegration.LoadMDS\MDS.StationIntegration.LoadMDS.dtproj = MDS.StationIntegration.LoadMDS\MDS.StationIntegration.LoadMDS.dtproj
	EndProjectSection
EndProject
Project("{159641D6-6404-4A2A-AE62-294DE0FE8301}") = "MDS.StationIntegration.CleanToTransform", "MDS.StationIntegration.CleanToTransform\MDS.StationIntegration.CleanToTransform.dtproj", "{831F2266-AD21-4334-8190-3AAA6E879917}"
EndProject
Project("{00D1A9C2-B5F0-4AF3-8072-F6C62B433612}") = "MDS.DB.Integration", "MDS.DB.Integration\MDS.DB.Integration.sqlproj", "{DA76BF7A-C7C1-4A6F-8A03-631166D386B3}"
EndProject
Global
	GlobalSection(SolutionConfigurationPlatforms) = preSolution
		Debug|Any CPU = Debug|Any CPU
		Development|Any CPU = Development|Any CPU
		Prod|Any CPU = Prod|Any CPU
		PRS|Any CPU = PRS|Any CPU
		Release|Any CPU = Release|Any CPU
		SysTest|Any CPU = SysTest|Any CPU
		Test|Any CPU = Test|Any CPU
		UAT|Any CPU = UAT|Any CPU
	EndGlobalSection
	GlobalSection(ProjectConfigurationPlatforms) = postSolution
		{EEEC2263-0386-4947-AB19-18BA2D309D08}.Debug|Any CPU.ActiveCfg = Debug|Any CPU
		{EEEC2263-0386-4947-AB19-18BA2D309D08}.Debug|Any CPU.Build.0 = Debug|Any CPU
		{EEEC2263-0386-4947-AB19-18BA2D309D08}.Debug|Any CPU.Deploy.0 = Debug|Any CPU
		{EEEC2263-0386-4947-AB19-18BA2D309D08}.Development|Any CPU.ActiveCfg = Debug|Any CPU
		{EEEC2263-0386-4947-AB19-18BA2D309D08}.Development|Any CPU.Build.0 = Debug|Any CPU
		{EEEC2263-0386-4947-AB19-18BA2D309D08}.Development|Any CPU.Deploy.0 = Debug|Any CPU
		{EEEC2263-0386-4947-AB19-18BA2D309D08}.Prod|Any CPU.ActiveCfg = Debug|Any CPU
		{EEEC2263-0386-4947-AB19-18BA2D309D08}.Prod|Any CPU.Build.0 = Debug|Any CPU
		{EEEC2263-0386-4947-AB19-18BA2D309D08}.Prod|Any CPU.Deploy.0 = Debug|Any CPU
		{EEEC2263-0386-4947-AB19-18BA2D309D08}.PRS|Any CPU.ActiveCfg = Debug|Any CPU
		{EEEC2263-0386-4947-AB19-18BA2D309D08}.PRS|Any CPU.Build.0 = Debug|Any CPU
		{EEEC2263-0386-4947-AB19-18BA2D309D08}.PRS|Any CPU.Deploy.0 = Debug|Any CPU
		{EEEC2263-0386-4947-AB19-18BA2D309D08}.Release|Any CPU.ActiveCfg = Release|Any CPU
		{EEEC2263-0386-4947-AB19-18BA2D309D08}.Release|Any CPU.Build.0 = Release|Any CPU
		{EEEC2263-0386-4947-AB19-18BA2D309D08}.Release|Any CPU.Deploy.0 = Release|Any CPU
		{EEEC2263-0386-4947-AB19-18BA2D309D08}.SysTest|Any CPU.ActiveCfg = Debug|Any CPU
		{EEEC2263-0386-4947-AB19-18BA2D309D08}.SysTest|Any CPU.Build.0 = Debug|Any CPU
		{EEEC2263-0386-4947-AB19-18BA2D309D08}.SysTest|Any CPU.Deploy.0 = Debug|Any CPU
		{EEEC2263-0386-4947-AB19-18BA2D309D08}.Test|Any CPU.ActiveCfg = Debug|Any CPU
		{EEEC2263-0386-4947-AB19-18BA2D309D08}.Test|Any CPU.Build.0 = Debug|Any CPU
		{EEEC2263-0386-4947-AB19-18BA2D309D08}.Test|Any CPU.Deploy.0 = Debug|Any CPU
		{EEEC2263-0386-4947-AB19-18BA2D309D08}.UAT|Any CPU.ActiveCfg = Debug|Any CPU
		{EEEC2263-0386-4947-AB19-18BA2D309D08}.UAT|Any CPU.Build.0 = Debug|Any CPU
		{EEEC2263-0386-4947-AB19-18BA2D309D08}.UAT|Any CPU.Deploy.0 = Debug|Any CPU
		{97EE864B-3DA0-4322-9927-82DB4917C821}.Debug|Any CPU.ActiveCfg = Development
		{97EE864B-3DA0-4322-9927-82DB4917C821}.Debug|Any CPU.Build.0 = Development
		{97EE864B-3DA0-4322-9927-82DB4917C821}.Development|Any CPU.ActiveCfg = Development
		{97EE864B-3DA0-4322-9927-82DB4917C821}.Development|Any CPU.Build.0 = Development
		{97EE864B-3DA0-4322-9927-82DB4917C821}.Prod|Any CPU.ActiveCfg = Prod
		{97EE864B-3DA0-4322-9927-82DB4917C821}.Prod|Any CPU.Build.0 = Prod
		{97EE864B-3DA0-4322-9927-82DB4917C821}.PRS|Any CPU.ActiveCfg = PRS
		{97EE864B-3DA0-4322-9927-82DB4917C821}.PRS|Any CPU.Build.0 = PRS
		{97EE864B-3DA0-4322-9927-82DB4917C821}.Release|Any CPU.ActiveCfg = Prod
		{97EE864B-3DA0-4322-9927-82DB4917C821}.Release|Any CPU.Build.0 = Prod
		{97EE864B-3DA0-4322-9927-82DB4917C821}.SysTest|Any CPU.ActiveCfg = Test
		{97EE864B-3DA0-4322-9927-82DB4917C821}.SysTest|Any CPU.Build.0 = Test
		{97EE864B-3DA0-4322-9927-82DB4917C821}.Test|Any CPU.ActiveCfg = Test
		{97EE864B-3DA0-4322-9927-82DB4917C821}.Test|Any CPU.Build.0 = Test
		{97EE864B-3DA0-4322-9927-82DB4917C821}.UAT|Any CPU.ActiveCfg = UAT
		{97EE864B-3DA0-4322-9927-82DB4917C821}.UAT|Any CPU.Build.0 = UAT
		{28C581C8-1E6D-46C8-A738-07AC54CD2E48}.Debug|Any CPU.ActiveCfg = Debug|Any CPU
		{28C581C8-1E6D-46C8-A738-07AC54CD2E48}.Debug|Any CPU.Build.0 = Debug|Any CPU
		{28C581C8-1E6D-46C8-A738-07AC54CD2E48}.Debug|Any CPU.Deploy.0 = Debug|Any CPU
		{28C581C8-1E6D-46C8-A738-07AC54CD2E48}.Development|Any CPU.ActiveCfg = Debug|Any CPU
		{28C581C8-1E6D-46C8-A738-07AC54CD2E48}.Development|Any CPU.Build.0 = Debug|Any CPU
		{28C581C8-1E6D-46C8-A738-07AC54CD2E48}.Development|Any CPU.Deploy.0 = Debug|Any CPU
		{28C581C8-1E6D-46C8-A738-07AC54CD2E48}.Prod|Any CPU.ActiveCfg = Debug|Any CPU
		{28C581C8-1E6D-46C8-A738-07AC54CD2E48}.Prod|Any CPU.Build.0 = Debug|Any CPU
		{28C581C8-1E6D-46C8-A738-07AC54CD2E48}.Prod|Any CPU.Deploy.0 = Debug|Any CPU
		{28C581C8-1E6D-46C8-A738-07AC54CD2E48}.PRS|Any CPU.ActiveCfg = Debug|Any CPU
		{28C581C8-1E6D-46C8-A738-07AC54CD2E48}.PRS|Any CPU.Build.0 = Debug|Any CPU
		{28C581C8-1E6D-46C8-A738-07AC54CD2E48}.PRS|Any CPU.Deploy.0 = Debug|Any CPU
		{28C581C8-1E6D-46C8-A738-07AC54CD2E48}.Release|Any CPU.ActiveCfg = Release|Any CPU
		{28C581C8-1E6D-46C8-A738-07AC54CD2E48}.Release|Any CPU.Build.0 = Release|Any CPU
		{28C581C8-1E6D-46C8-A738-07AC54CD2E48}.Release|Any CPU.Deploy.0 = Release|Any CPU
		{28C581C8-1E6D-46C8-A738-07AC54CD2E48}.SysTest|Any CPU.ActiveCfg = Debug|Any CPU
		{28C581C8-1E6D-46C8-A738-07AC54CD2E48}.SysTest|Any CPU.Build.0 = Debug|Any CPU
		{28C581C8-1E6D-46C8-A738-07AC54CD2E48}.SysTest|Any CPU.Deploy.0 = Debug|Any CPU
		{28C581C8-1E6D-46C8-A738-07AC54CD2E48}.Test|Any CPU.ActiveCfg = Debug|Any CPU
		{28C581C8-1E6D-46C8-A738-07AC54CD2E48}.Test|Any CPU.Build.0 = Debug|Any CPU
		{28C581C8-1E6D-46C8-A738-07AC54CD2E48}.Test|Any CPU.Deploy.0 = Debug|Any CPU
		{28C581C8-1E6D-46C8-A738-07AC54CD2E48}.UAT|Any CPU.ActiveCfg = Debug|Any CPU
		{28C581C8-1E6D-46C8-A738-07AC54CD2E48}.UAT|Any CPU.Build.0 = Debug|Any CPU
		{28C581C8-1E6D-46C8-A738-07AC54CD2E48}.UAT|Any CPU.Deploy.0 = Debug|Any CPU
		{BE72B2B8-1F5F-4818-B4E6-0BC3BC53450E}.Debug|Any CPU.ActiveCfg = Development
		{BE72B2B8-1F5F-4818-B4E6-0BC3BC53450E}.Debug|Any CPU.Build.0 = Development
		{BE72B2B8-1F5F-4818-B4E6-0BC3BC53450E}.Development|Any CPU.ActiveCfg = Development
		{BE72B2B8-1F5F-4818-B4E6-0BC3BC53450E}.Development|Any CPU.Build.0 = Development
		{BE72B2B8-1F5F-4818-B4E6-0BC3BC53450E}.Prod|Any CPU.ActiveCfg = UAT
		{BE72B2B8-1F5F-4818-B4E6-0BC3BC53450E}.Prod|Any CPU.Build.0 = UAT
		{BE72B2B8-1F5F-4818-B4E6-0BC3BC53450E}.PRS|Any CPU.ActiveCfg = UAT
		{BE72B2B8-1F5F-4818-B4E6-0BC3BC53450E}.PRS|Any CPU.Build.0 = UAT
		{BE72B2B8-1F5F-4818-B4E6-0BC3BC53450E}.Release|Any CPU.ActiveCfg = UAT
		{BE72B2B8-1F5F-4818-B4E6-0BC3BC53450E}.Release|Any CPU.Build.0 = UAT
		{BE72B2B8-1F5F-4818-B4E6-0BC3BC53450E}.SysTest|Any CPU.ActiveCfg = SysTest
		{BE72B2B8-1F5F-4818-B4E6-0BC3BC53450E}.SysTest|Any CPU.Build.0 = SysTest
		{BE72B2B8-1F5F-4818-B4E6-0BC3BC53450E}.Test|Any CPU.ActiveCfg = SysTest
		{BE72B2B8-1F5F-4818-B4E6-0BC3BC53450E}.Test|Any CPU.Build.0 = SysTest
		{BE72B2B8-1F5F-4818-B4E6-0BC3BC53450E}.UAT|Any CPU.ActiveCfg = UAT
		{BE72B2B8-1F5F-4818-B4E6-0BC3BC53450E}.UAT|Any CPU.Build.0 = UAT
		{3787B640-4850-4ADC-864E-EF5CAD8BB8D8}.Debug|Any CPU.ActiveCfg = Development
		{3787B640-4850-4ADC-864E-EF5CAD8BB8D8}.Debug|Any CPU.Build.0 = Development
		{3787B640-4850-4ADC-864E-EF5CAD8BB8D8}.Development|Any CPU.ActiveCfg = Development
		{3787B640-4850-4ADC-864E-EF5CAD8BB8D8}.Development|Any CPU.Build.0 = Development
		{3787B640-4850-4ADC-864E-EF5CAD8BB8D8}.Prod|Any CPU.ActiveCfg = UAT
		{3787B640-4850-4ADC-864E-EF5CAD8BB8D8}.Prod|Any CPU.Build.0 = UAT
		{3787B640-4850-4ADC-864E-EF5CAD8BB8D8}.PRS|Any CPU.ActiveCfg = UAT
		{3787B640-4850-4ADC-864E-EF5CAD8BB8D8}.PRS|Any CPU.Build.0 = UAT
		{3787B640-4850-4ADC-864E-EF5CAD8BB8D8}.Release|Any CPU.ActiveCfg = UAT
		{3787B640-4850-4ADC-864E-EF5CAD8BB8D8}.Release|Any CPU.Build.0 = UAT
		{3787B640-4850-4ADC-864E-EF5CAD8BB8D8}.SysTest|Any CPU.ActiveCfg = SysTest
		{3787B640-4850-4ADC-864E-EF5CAD8BB8D8}.SysTest|Any CPU.Build.0 = SysTest
		{3787B640-4850-4ADC-864E-EF5CAD8BB8D8}.Test|Any CPU.ActiveCfg = SysTest
		{3787B640-4850-4ADC-864E-EF5CAD8BB8D8}.Test|Any CPU.Build.0 = SysTest
		{3787B640-4850-4ADC-864E-EF5CAD8BB8D8}.UAT|Any CPU.ActiveCfg = UAT
		{3787B640-4850-4ADC-864E-EF5CAD8BB8D8}.UAT|Any CPU.Build.0 = UAT
		{F433813F-1004-4A71-89FA-4B313291D605}.Debug|Any CPU.ActiveCfg = Development
		{F433813F-1004-4A71-89FA-4B313291D605}.Debug|Any CPU.Build.0 = Development
		{F433813F-1004-4A71-89FA-4B313291D605}.Development|Any CPU.ActiveCfg = Development
		{F433813F-1004-4A71-89FA-4B313291D605}.Development|Any CPU.Build.0 = Development
		{F433813F-1004-4A71-89FA-4B313291D605}.Prod|Any CPU.ActiveCfg = UAT
		{F433813F-1004-4A71-89FA-4B313291D605}.Prod|Any CPU.Build.0 = UAT
		{F433813F-1004-4A71-89FA-4B313291D605}.PRS|Any CPU.ActiveCfg = UAT
		{F433813F-1004-4A71-89FA-4B313291D605}.PRS|Any CPU.Build.0 = UAT
		{F433813F-1004-4A71-89FA-4B313291D605}.Release|Any CPU.ActiveCfg = UAT
		{F433813F-1004-4A71-89FA-4B313291D605}.Release|Any CPU.Build.0 = UAT
		{F433813F-1004-4A71-89FA-4B313291D605}.SysTest|Any CPU.ActiveCfg = SysTest
		{F433813F-1004-4A71-89FA-4B313291D605}.SysTest|Any CPU.Build.0 = SysTest
		{F433813F-1004-4A71-89FA-4B313291D605}.Test|Any CPU.ActiveCfg = SysTest
		{F433813F-1004-4A71-89FA-4B313291D605}.Test|Any CPU.Build.0 = SysTest
		{F433813F-1004-4A71-89FA-4B313291D605}.UAT|Any CPU.ActiveCfg = UAT
		{F433813F-1004-4A71-89FA-4B313291D605}.UAT|Any CPU.Build.0 = UAT
		{831F2266-AD21-4334-8190-3AAA6E879917}.Debug|Any CPU.ActiveCfg = Development
		{831F2266-AD21-4334-8190-3AAA6E879917}.Debug|Any CPU.Build.0 = Development
		{831F2266-AD21-4334-8190-3AAA6E879917}.Development|Any CPU.ActiveCfg = Development
		{831F2266-AD21-4334-8190-3AAA6E879917}.Development|Any CPU.Build.0 = Development
		{831F2266-AD21-4334-8190-3AAA6E879917}.Prod|Any CPU.ActiveCfg = UAT
		{831F2266-AD21-4334-8190-3AAA6E879917}.Prod|Any CPU.Build.0 = UAT
		{831F2266-AD21-4334-8190-3AAA6E879917}.PRS|Any CPU.ActiveCfg = UAT
		{831F2266-AD21-4334-8190-3AAA6E879917}.PRS|Any CPU.Build.0 = UAT
		{831F2266-AD21-4334-8190-3AAA6E879917}.Release|Any CPU.ActiveCfg = UAT
		{831F2266-AD21-4334-8190-3AAA6E879917}.Release|Any CPU.Build.0 = UAT
		{831F2266-AD21-4334-8190-3AAA6E879917}.SysTest|Any CPU.ActiveCfg = SysTest
		{831F2266-AD21-4334-8190-3AAA6E879917}.SysTest|Any CPU.Build.0 = SysTest
		{831F2266-AD21-4334-8190-3AAA6E879917}.Test|Any CPU.ActiveCfg = SysTest
		{831F2266-AD21-4334-8190-3AAA6E879917}.Test|Any CPU.Build.0 = SysTest
		{831F2266-AD21-4334-8190-3AAA6E879917}.UAT|Any CPU.ActiveCfg = UAT
		{831F2266-AD21-4334-8190-3AAA6E879917}.UAT|Any CPU.Build.0 = UAT
		{DA76BF7A-C7C1-4A6F-8A03-631166D386B3}.Debug|Any CPU.ActiveCfg = Debug|Any CPU
		{DA76BF7A-C7C1-4A6F-8A03-631166D386B3}.Debug|Any CPU.Build.0 = Debug|Any CPU
		{DA76BF7A-C7C1-4A6F-8A03-631166D386B3}.Debug|Any CPU.Deploy.0 = Debug|Any CPU
		{DA76BF7A-C7C1-4A6F-8A03-631166D386B3}.Development|Any CPU.ActiveCfg = Debug|Any CPU
		{DA76BF7A-C7C1-4A6F-8A03-631166D386B3}.Development|Any CPU.Build.0 = Debug|Any CPU
		{DA76BF7A-C7C1-4A6F-8A03-631166D386B3}.Development|Any CPU.Deploy.0 = Debug|Any CPU
		{DA76BF7A-C7C1-4A6F-8A03-631166D386B3}.Prod|Any CPU.ActiveCfg = UAT|Any CPU
		{DA76BF7A-C7C1-4A6F-8A03-631166D386B3}.Prod|Any CPU.Build.0 = UAT|Any CPU
		{DA76BF7A-C7C1-4A6F-8A03-631166D386B3}.Prod|Any CPU.Deploy.0 = UAT|Any CPU
		{DA76BF7A-C7C1-4A6F-8A03-631166D386B3}.PRS|Any CPU.ActiveCfg = UAT|Any CPU
		{DA76BF7A-C7C1-4A6F-8A03-631166D386B3}.PRS|Any CPU.Build.0 = UAT|Any CPU
		{DA76BF7A-C7C1-4A6F-8A03-631166D386B3}.PRS|Any CPU.Deploy.0 = UAT|Any CPU
		{DA76BF7A-C7C1-4A6F-8A03-631166D386B3}.Release|Any CPU.ActiveCfg = Release|Any CPU
		{DA76BF7A-C7C1-4A6F-8A03-631166D386B3}.Release|Any CPU.Build.0 = Release|Any CPU
		{DA76BF7A-C7C1-4A6F-8A03-631166D386B3}.Release|Any CPU.Deploy.0 = Release|Any CPU
		{DA76BF7A-C7C1-4A6F-8A03-631166D386B3}.SysTest|Any CPU.ActiveCfg = UAT|Any CPU
		{DA76BF7A-C7C1-4A6F-8A03-631166D386B3}.SysTest|Any CPU.Build.0 = UAT|Any CPU
		{DA76BF7A-C7C1-4A6F-8A03-631166D386B3}.SysTest|Any CPU.Deploy.0 = UAT|Any CPU
		{DA76BF7A-C7C1-4A6F-8A03-631166D386B3}.Test|Any CPU.ActiveCfg = UAT|Any CPU
		{DA76BF7A-C7C1-4A6F-8A03-631166D386B3}.Test|Any CPU.Build.0 = UAT|Any CPU
		{DA76BF7A-C7C1-4A6F-8A03-631166D386B3}.Test|Any CPU.Deploy.0 = UAT|Any CPU
		{DA76BF7A-C7C1-4A6F-8A03-631166D386B3}.UAT|Any CPU.ActiveCfg = UAT|Any CPU
		{DA76BF7A-C7C1-4A6F-8A03-631166D386B3}.UAT|Any CPU.Build.0 = UAT|Any CPU
		{DA76BF7A-C7C1-4A6F-8A03-631166D386B3}.UAT|Any CPU.Deploy.0 = UAT|Any CPU
	EndGlobalSection
	GlobalSection(SolutionProperties) = preSolution
		HideSolutionNode = FALSE
	EndGlobalSection
	GlobalSection(ExtensibilityGlobals) = postSolution
		SolutionGuid = {1079DC24-A5D7-4FE8-AB67-8F62EE2691AE}
	EndGlobalSection
EndGlobal
