
Microsoft Visual Studio Solution File, Format Version 12.00
# Visual Studio 15
VisualStudioVersion = 15.0.28307.645
MinimumVisualStudioVersion = 10.0.40219.1
Project("{159641D6-6404-4A2A-AE62-294DE0FE8301}") = "Hector", "Hector\Hector.dtproj", "{152A7A09-38C7-4AE3-976D-9CB84D2A6316}"
EndProject
Global
	GlobalSection(SolutionConfigurationPlatforms) = preSolution
		Development|Default = Development|Default
	EndGlobalSection
	GlobalSection(ProjectConfigurationPlatforms) = postSolution
		{152A7A09-38C7-4AE3-976D-9CB84D2A6316}.Development|Default.ActiveCfg = Development
		{152A7A09-38C7-4AE3-976D-9CB84D2A6316}.Development|Default.Build.0 = Development
	EndGlobalSection
	GlobalSection(SolutionProperties) = preSolution
		HideSolutionNode = FALSE
	EndGlobalSection
	GlobalSection(ExtensibilityGlobals) = postSolution
		SolutionGuid = {1079DC24-A5D7-4FE8-AB67-8F62EE2691AE}
	EndGlobalSection
EndGlobal
