
Microsoft Visual Studio Solution File, Format Version 12.00
# Visual Studio 14
VisualStudioVersion = 14.0.25420.1
MinimumVisualStudioVersion = 10.0.40219.1
Project("{159641D6-6404-4A2A-AE62-294DE0FE8301}") = "NotificationService", "NotificationService.dtproj", "{E8A8A081-22EE-43B4-9ABF-D3BDE720255E}"
EndProject
Project("{00D1A9C2-B5F0-4AF3-8072-F6C62B433612}") = "NotificationServiceDB", "NotificationServiceDB\NotificationServiceDB.sqlproj", "{3C86E2B8-FB48-4BEF-8C3D-C23E3FF7BE2D}"
EndProject
Project("{F14B399A-7131-4C87-9E4B-1186C45EF12D}") = "NotificationServicesReports", "NotificationServicesReports\NotificationServicesReports.rptproj", "{795A717F-6662-4A40-90D0-006E7134559E}"
EndProject
Project("{FAE04EC0-301F-11D3-BF4B-00C04F79EFBC}") = "NotificationService_AdminConsole", "..\NotificationService_AdminConsole\NotificationService_AdminConsole\NotificationService_AdminConsole.csproj", "{F88D816D-9D52-44E8-A69B-D12FB93536B2}"
EndProject
Global
	GlobalSection(SolutionConfigurationPlatforms) = preSolution
		Debug|Any CPU = Debug|Any CPU
		DebugLocal|Any CPU = DebugLocal|Any CPU
		Development|Any CPU = Development|Any CPU
		Release|Any CPU = Release|Any CPU
	EndGlobalSection
	GlobalSection(ProjectConfigurationPlatforms) = postSolution
		{E8A8A081-22EE-43B4-9ABF-D3BDE720255E}.Debug|Any CPU.ActiveCfg = Development
		{E8A8A081-22EE-43B4-9ABF-D3BDE720255E}.Debug|Any CPU.Build.0 = Development
		{E8A8A081-22EE-43B4-9ABF-D3BDE720255E}.DebugLocal|Any CPU.ActiveCfg = Development
		{E8A8A081-22EE-43B4-9ABF-D3BDE720255E}.DebugLocal|Any CPU.Build.0 = Development
		{E8A8A081-22EE-43B4-9ABF-D3BDE720255E}.Development|Any CPU.ActiveCfg = Development
		{E8A8A081-22EE-43B4-9ABF-D3BDE720255E}.Development|Any CPU.Build.0 = Development
		{E8A8A081-22EE-43B4-9ABF-D3BDE720255E}.Release|Any CPU.ActiveCfg = Development
		{E8A8A081-22EE-43B4-9ABF-D3BDE720255E}.Release|Any CPU.Build.0 = Development
		{3C86E2B8-FB48-4BEF-8C3D-C23E3FF7BE2D}.Debug|Any CPU.ActiveCfg = Debug|Any CPU
		{3C86E2B8-FB48-4BEF-8C3D-C23E3FF7BE2D}.Debug|Any CPU.Build.0 = Debug|Any CPU
		{3C86E2B8-FB48-4BEF-8C3D-C23E3FF7BE2D}.Debug|Any CPU.Deploy.0 = Debug|Any CPU
		{3C86E2B8-FB48-4BEF-8C3D-C23E3FF7BE2D}.DebugLocal|Any CPU.ActiveCfg = Debug|Any CPU
		{3C86E2B8-FB48-4BEF-8C3D-C23E3FF7BE2D}.DebugLocal|Any CPU.Build.0 = Debug|Any CPU
		{3C86E2B8-FB48-4BEF-8C3D-C23E3FF7BE2D}.DebugLocal|Any CPU.Deploy.0 = Debug|Any CPU
		{3C86E2B8-FB48-4BEF-8C3D-C23E3FF7BE2D}.Development|Any CPU.ActiveCfg = Debug|Any CPU
		{3C86E2B8-FB48-4BEF-8C3D-C23E3FF7BE2D}.Development|Any CPU.Build.0 = Debug|Any CPU
		{3C86E2B8-FB48-4BEF-8C3D-C23E3FF7BE2D}.Development|Any CPU.Deploy.0 = Debug|Any CPU
		{3C86E2B8-FB48-4BEF-8C3D-C23E3FF7BE2D}.Release|Any CPU.ActiveCfg = Release|Any CPU
		{3C86E2B8-FB48-4BEF-8C3D-C23E3FF7BE2D}.Release|Any CPU.Build.0 = Release|Any CPU
		{3C86E2B8-FB48-4BEF-8C3D-C23E3FF7BE2D}.Release|Any CPU.Deploy.0 = Release|Any CPU
		{795A717F-6662-4A40-90D0-006E7134559E}.Debug|Any CPU.ActiveCfg = Debug
		{795A717F-6662-4A40-90D0-006E7134559E}.Debug|Any CPU.Build.0 = Debug
		{795A717F-6662-4A40-90D0-006E7134559E}.Debug|Any CPU.Deploy.0 = Debug
		{795A717F-6662-4A40-90D0-006E7134559E}.DebugLocal|Any CPU.ActiveCfg = DebugLocal
		{795A717F-6662-4A40-90D0-006E7134559E}.DebugLocal|Any CPU.Build.0 = DebugLocal
		{795A717F-6662-4A40-90D0-006E7134559E}.Development|Any CPU.ActiveCfg = DebugLocal
		{795A717F-6662-4A40-90D0-006E7134559E}.Development|Any CPU.Build.0 = DebugLocal
		{795A717F-6662-4A40-90D0-006E7134559E}.Release|Any CPU.ActiveCfg = Release
		{795A717F-6662-4A40-90D0-006E7134559E}.Release|Any CPU.Build.0 = Release
		{795A717F-6662-4A40-90D0-006E7134559E}.Release|Any CPU.Deploy.0 = Release
		{F88D816D-9D52-44E8-A69B-D12FB93536B2}.Debug|Any CPU.ActiveCfg = Debug|Any CPU
		{F88D816D-9D52-44E8-A69B-D12FB93536B2}.Debug|Any CPU.Build.0 = Debug|Any CPU
		{F88D816D-9D52-44E8-A69B-D12FB93536B2}.DebugLocal|Any CPU.ActiveCfg = Debug|Any CPU
		{F88D816D-9D52-44E8-A69B-D12FB93536B2}.DebugLocal|Any CPU.Build.0 = Debug|Any CPU
		{F88D816D-9D52-44E8-A69B-D12FB93536B2}.Development|Any CPU.ActiveCfg = Debug|Any CPU
		{F88D816D-9D52-44E8-A69B-D12FB93536B2}.Development|Any CPU.Build.0 = Debug|Any CPU
		{F88D816D-9D52-44E8-A69B-D12FB93536B2}.Release|Any CPU.ActiveCfg = Release|Any CPU
		{F88D816D-9D52-44E8-A69B-D12FB93536B2}.Release|Any CPU.Build.0 = Release|Any CPU
	EndGlobalSection
	GlobalSection(SolutionProperties) = preSolution
		HideSolutionNode = FALSE
	EndGlobalSection
	GlobalSection(TeamFoundationVersionControl) = preSolution
		SccNumberOfProjects = 5
		SccEnterpriseProvider = {4CA58AB2-18FA-4F8D-95D4-32DDF27D184C}
		SccTeamFoundationServer = https://prsbi.visualstudio.com/
		SccLocalPath0 = .
		SccProjectUniqueName1 = NotificationService.dtproj
		SccLocalPath1 = .
		SccProjectUniqueName2 = NotificationServiceDB\\NotificationServiceDB.sqlproj
		SccProjectName2 = NotificationServiceDB
		SccLocalPath2 = NotificationServiceDB
		SccProjectUniqueName3 = NotificationServicesReports\\NotificationServicesReports.rptproj
		SccProjectName3 = NotificationServicesReports
		SccLocalPath3 = NotificationServicesReports
		SccProjectUniqueName4 = ..\\NotificationService_AdminConsole\\NotificationService_AdminConsole\\NotificationService_AdminConsole.csproj
		SccProjectName4 = ../NotificationService_AdminConsole/NotificationService_AdminConsole
		SccLocalPath4 = ..\\NotificationService_AdminConsole\\NotificationService_AdminConsole
	EndGlobalSection
EndGlobal
