
Microsoft Visual Studio Solution File, Format Version 12.00
# Visual Studio 15
VisualStudioVersion = 15.0.28307.136
MinimumVisualStudioVersion = 10.0.40219.1
Project("{159641D6-6404-4A2A-AE62-294DE0FE8301}") = "FPVDataIntegration", "FPVDataIntegration.dtproj", "{7758DBE3-1581-4E59-B092-A86202FAA608}"
EndProject
Global
	GlobalSection(SolutionConfigurationPlatforms) = preSolution
		Development|Default = Development|Default
		SysTest|Default = SysTest|Default
	EndGlobalSection
	GlobalSection(ProjectConfigurationPlatforms) = postSolution
		{7758DBE3-1581-4E59-B092-A86202FAA608}.Development|Default.ActiveCfg = Development
		{7758DBE3-1581-4E59-B092-A86202FAA608}.Development|Default.Build.0 = Development
		{7758DBE3-1581-4E59-B092-A86202FAA608}.SysTest|Default.ActiveCfg = SysTest
		{7758DBE3-1581-4E59-B092-A86202FAA608}.SysTest|Default.Build.0 = SysTest
	EndGlobalSection
	GlobalSection(SolutionProperties) = preSolution
		HideSolutionNode = FALSE
	EndGlobalSection
	GlobalSection(ExtensibilityGlobals) = postSolution
		SolutionGuid = {2C17F28C-7DD1-4714-B377-BE2874E5F6C7}
	EndGlobalSection
	GlobalSection(TeamFoundationVersionControl) = preSolution
		SccNumberOfProjects = 2
		SccEnterpriseProvider = {4CA58AB2-18FA-4F8D-95D4-32DDF27D184C}
		SccTeamFoundationServer = https://prsbi.visualstudio.com/
		SccLocalPath0 = .
		SccProjectUniqueName1 = FPVDataIntegration.dtproj
		SccLocalPath1 = .
	EndGlobalSection
EndGlobal
