
Microsoft Visual Studio Solution File, Format Version 12.00
# Visual Studio 15
VisualStudioVersion = 15.0.28307.136
MinimumVisualStudioVersion = 10.0.40219.1
Project("{00D1A9C2-B5F0-4AF3-8072-F6C62B433612}") = "DB.Abacus", "DB.Abacus.sqlproj", "{28C581C8-1E6D-46C8-A738-07AC54CD2E48}"
EndProject
Project("{FAE04EC0-301F-11D3-BF4B-00C04F79EFBC}") = "FPVTest", "..\..\FPVTest\FPVTest\FPVTest.csproj", "{C78BAC22-C8C2-4B6D-AFF1-B4818446DB74}"
EndProject
Project("{2150E333-8FDC-42A3-9474-1A3956D46DE8}") = "Solution Items", "Solution Items", "{542D591B-95A8-4118-BEB2-388B4434C65F}"
EndProject
Project("{FAE04EC0-301F-11D3-BF4B-00C04F79EFBC}") = "DBUnitTest.Abacus", "DBUnitTest.Abacus\DBUnitTest.Abacus.csproj", "{0B5F9953-671E-40D3-9C85-864E0A30B676}"
EndProject
Global
	GlobalSection(SolutionConfigurationPlatforms) = preSolution
		Debug|Any CPU = Debug|Any CPU
		Development|Any CPU = Development|Any CPU
		Release|Any CPU = Release|Any CPU
	EndGlobalSection
	GlobalSection(ProjectConfigurationPlatforms) = postSolution
		{28C581C8-1E6D-46C8-A738-07AC54CD2E48}.Debug|Any CPU.ActiveCfg = Debug|Any CPU
		{28C581C8-1E6D-46C8-A738-07AC54CD2E48}.Debug|Any CPU.Build.0 = Debug|Any CPU
		{28C581C8-1E6D-46C8-A738-07AC54CD2E48}.Debug|Any CPU.Deploy.0 = Debug|Any CPU
		{28C581C8-1E6D-46C8-A738-07AC54CD2E48}.Development|Any CPU.ActiveCfg = Debug|Any CPU
		{28C581C8-1E6D-46C8-A738-07AC54CD2E48}.Development|Any CPU.Build.0 = Debug|Any CPU
		{28C581C8-1E6D-46C8-A738-07AC54CD2E48}.Development|Any CPU.Deploy.0 = Debug|Any CPU
		{28C581C8-1E6D-46C8-A738-07AC54CD2E48}.Release|Any CPU.ActiveCfg = Release|Any CPU
		{28C581C8-1E6D-46C8-A738-07AC54CD2E48}.Release|Any CPU.Build.0 = Release|Any CPU
		{28C581C8-1E6D-46C8-A738-07AC54CD2E48}.Release|Any CPU.Deploy.0 = Release|Any CPU
		{C78BAC22-C8C2-4B6D-AFF1-B4818446DB74}.Debug|Any CPU.ActiveCfg = Debug|Any CPU
		{C78BAC22-C8C2-4B6D-AFF1-B4818446DB74}.Debug|Any CPU.Build.0 = Debug|Any CPU
		{C78BAC22-C8C2-4B6D-AFF1-B4818446DB74}.Development|Any CPU.ActiveCfg = Debug|Any CPU
		{C78BAC22-C8C2-4B6D-AFF1-B4818446DB74}.Development|Any CPU.Build.0 = Debug|Any CPU
		{C78BAC22-C8C2-4B6D-AFF1-B4818446DB74}.Release|Any CPU.ActiveCfg = Release|Any CPU
		{C78BAC22-C8C2-4B6D-AFF1-B4818446DB74}.Release|Any CPU.Build.0 = Release|Any CPU
		{0B5F9953-671E-40D3-9C85-864E0A30B676}.Debug|Any CPU.ActiveCfg = Debug|Any CPU
		{0B5F9953-671E-40D3-9C85-864E0A30B676}.Debug|Any CPU.Build.0 = Debug|Any CPU
		{0B5F9953-671E-40D3-9C85-864E0A30B676}.Development|Any CPU.ActiveCfg = Debug|Any CPU
		{0B5F9953-671E-40D3-9C85-864E0A30B676}.Development|Any CPU.Build.0 = Debug|Any CPU
		{0B5F9953-671E-40D3-9C85-864E0A30B676}.Release|Any CPU.ActiveCfg = Release|Any CPU
		{0B5F9953-671E-40D3-9C85-864E0A30B676}.Release|Any CPU.Build.0 = Release|Any CPU
	EndGlobalSection
	GlobalSection(SolutionProperties) = preSolution
		HideSolutionNode = FALSE
	EndGlobalSection
	GlobalSection(ExtensibilityGlobals) = postSolution
		SolutionGuid = {FD452916-6DAA-44B7-A010-693A53D01B94}
	EndGlobalSection
	GlobalSection(TeamFoundationVersionControl) = preSolution
		SccNumberOfProjects = 4
		SccEnterpriseProvider = {4CA58AB2-18FA-4F8D-95D4-32DDF27D184C}
		SccTeamFoundationServer = https://prsbi.visualstudio.com/
		SccLocalPath0 = .
		SccProjectUniqueName1 = ..\\..\\FPVTest\\FPVTest\\FPVTest.csproj
		SccProjectName1 = ../../FPVTest/FPVTest
		SccLocalPath1 = ..\\..\\FPVTest\\FPVTest
		SccProjectUniqueName2 = DB.Abacus.sqlproj
		SccLocalPath2 = .
		SccProjectUniqueName3 = DBUnitTest.Abacus\\DBUnitTest.Abacus.csproj
		SccProjectName3 = DBUnitTest.Abacus
		SccLocalPath3 = DBUnitTest.Abacus
	EndGlobalSection
EndGlobal
