
Microsoft Visual Studio Solution File, Format Version 12.00
# Visual Studio 14
VisualStudioVersion = 14.0.24720.0
MinimumVisualStudioVersion = 10.0.40219.1
Project("{159641D6-6404-4A2A-AE62-294DE0FE8301}") = "Hector2MDS", "Hector2MDS\Hector2MDS.dtproj", "{13A75505-CC92-4EE9-93B7-5158619975D3}"
EndProject
Project("{159641D6-6404-4A2A-AE62-294DE0FE8301}") = "RajarSources", "StageRajarData\RajarSources.dtproj", "{DC74D0E2-9E2F-45D2-AFEC-B42E13D4F684}"
EndProject
Project("{00D1A9C2-B5F0-4AF3-8072-F6C62B433612}") = "Hector2DB", "Hector2DB\Hector2DB.sqlproj", "{A86EFB6A-5246-4C33-A660-3ECED469DFAC}"
EndProject
Project("{159641D6-6404-4A2A-AE62-294DE0FE8301}") = "MDS.MasterData", "MDS.MasterData\MDS.MasterData.dtproj", "{2C408A55-D426-4F30-8644-1D4EDD656281}"
EndProject
Global
	GlobalSection(SolutionConfigurationPlatforms) = preSolution
		Debug|Any CPU = Debug|Any CPU
		Development|Any CPU = Development|Any CPU
		Release|Any CPU = Release|Any CPU
	EndGlobalSection
	GlobalSection(ProjectConfigurationPlatforms) = postSolution
		{13A75505-CC92-4EE9-93B7-5158619975D3}.Debug|Any CPU.ActiveCfg = Development
		{13A75505-CC92-4EE9-93B7-5158619975D3}.Debug|Any CPU.Build.0 = Development
		{13A75505-CC92-4EE9-93B7-5158619975D3}.Development|Any CPU.ActiveCfg = Development
		{13A75505-CC92-4EE9-93B7-5158619975D3}.Development|Any CPU.Build.0 = Development
		{13A75505-CC92-4EE9-93B7-5158619975D3}.Release|Any CPU.ActiveCfg = Development
		{13A75505-CC92-4EE9-93B7-5158619975D3}.Release|Any CPU.Build.0 = Development
		{DC74D0E2-9E2F-45D2-AFEC-B42E13D4F684}.Debug|Any CPU.ActiveCfg = Development
		{DC74D0E2-9E2F-45D2-AFEC-B42E13D4F684}.Debug|Any CPU.Build.0 = Development
		{DC74D0E2-9E2F-45D2-AFEC-B42E13D4F684}.Development|Any CPU.ActiveCfg = Development
		{DC74D0E2-9E2F-45D2-AFEC-B42E13D4F684}.Development|Any CPU.Build.0 = Development
		{DC74D0E2-9E2F-45D2-AFEC-B42E13D4F684}.Release|Any CPU.ActiveCfg = Development
		{DC74D0E2-9E2F-45D2-AFEC-B42E13D4F684}.Release|Any CPU.Build.0 = Development
		{A86EFB6A-5246-4C33-A660-3ECED469DFAC}.Debug|Any CPU.ActiveCfg = Debug|Any CPU
		{A86EFB6A-5246-4C33-A660-3ECED469DFAC}.Debug|Any CPU.Build.0 = Debug|Any CPU
		{A86EFB6A-5246-4C33-A660-3ECED469DFAC}.Debug|Any CPU.Deploy.0 = Debug|Any CPU
		{A86EFB6A-5246-4C33-A660-3ECED469DFAC}.Development|Any CPU.ActiveCfg = Debug|Any CPU
		{A86EFB6A-5246-4C33-A660-3ECED469DFAC}.Development|Any CPU.Build.0 = Debug|Any CPU
		{A86EFB6A-5246-4C33-A660-3ECED469DFAC}.Development|Any CPU.Deploy.0 = Debug|Any CPU
		{A86EFB6A-5246-4C33-A660-3ECED469DFAC}.Release|Any CPU.ActiveCfg = Release|Any CPU
		{A86EFB6A-5246-4C33-A660-3ECED469DFAC}.Release|Any CPU.Build.0 = Release|Any CPU
		{A86EFB6A-5246-4C33-A660-3ECED469DFAC}.Release|Any CPU.Deploy.0 = Release|Any CPU
		{2C408A55-D426-4F30-8644-1D4EDD656281}.Debug|Any CPU.ActiveCfg = Development
		{2C408A55-D426-4F30-8644-1D4EDD656281}.Debug|Any CPU.Build.0 = Development
		{2C408A55-D426-4F30-8644-1D4EDD656281}.Development|Any CPU.ActiveCfg = Development
		{2C408A55-D426-4F30-8644-1D4EDD656281}.Development|Any CPU.Build.0 = Development
		{2C408A55-D426-4F30-8644-1D4EDD656281}.Release|Any CPU.ActiveCfg = Development
		{2C408A55-D426-4F30-8644-1D4EDD656281}.Release|Any CPU.Build.0 = Development
	EndGlobalSection
	GlobalSection(SolutionProperties) = preSolution
		HideSolutionNode = FALSE
	EndGlobalSection
	GlobalSection(TeamFoundationVersionControl) = preSolution
		SccNumberOfProjects = 5
		SccEnterpriseProvider = {4CA58AB2-18FA-4F8D-95D4-32DDF27D184C}
		SccTeamFoundationServer = https://prsbi.visualstudio.com/
		SccLocalPath0 = .
		SccProjectUniqueName1 = Hector2MDS\\Hector2MDS.dtproj
		SccProjectName1 = Hector2MDS
		SccLocalPath1 = Hector2MDS
		SccProjectUniqueName2 = Hector2DB\\Hector2DB.sqlproj
		SccProjectName2 = Hector2DB
		SccLocalPath2 = Hector2DB
		SccProjectUniqueName3 = StageRajarData\\RajarSources.dtproj
		SccProjectName3 = StageRajarData
		SccLocalPath3 = StageRajarData
		SccProjectUniqueName4 = MDS.MasterData\\MDS.MasterData.dtproj
		SccProjectName4 = MDS.MasterData
		SccLocalPath4 = MDS.MasterData
	EndGlobalSection
EndGlobal
